
Microsoft Visual Studio Solution File, Format Version 12.00
# Visual Studio Version 17
VisualStudioVersion = 17.14.36301.6 d17.14
MinimumVisualStudioVersion = 10.0.40219.1
Project("{FAE04EC0-301F-11D3-BF4B-00C04F79EFBC}") = "PromptMap", "PromptMap.csproj", "{A3B00817-798B-4B94-915D-435840079E77}"
EndProject
Global
	GlobalSection(SolutionConfigurationPlatforms) = preSolution
		Debug|Any CPU = Debug|Any CPU
		Release|Any CPU = Release|Any CPU
	EndGlobalSection
	GlobalSection(ProjectConfigurationPlatforms) = postSolution
		{A3B00817-798B-4B94-915D-435840079E77}.Debug|Any CPU.ActiveCfg = Debug|Any CPU
		{A3B00817-798B-4B94-915D-435840079E77}.Debug|Any CPU.Build.0 = Debug|Any CPU
		{A3B00817-798B-4B94-915D-435840079E77}.Release|Any CPU.ActiveCfg = Release|Any CPU
		{A3B00817-798B-4B94-915D-435840079E77}.Release|Any CPU.Build.0 = Release|Any CPU
	EndGlobalSection
	GlobalSection(SolutionProperties) = preSolution
		HideSolutionNode = FALSE
	EndGlobalSection
	GlobalSection(ExtensibilityGlobals) = postSolution
		SolutionGuid = {543C551E-691C-4D04-A7FD-2DC9400913D8}
	EndGlobalSection
EndGlobal
